
Microsoft Visual Studio Solution File, Format Version 12.00
# Visual Studio 2012
Project("{FAE04EC0-301F-11D3-BF4B-00C04F79EFBC}") = "JiraToBitBucket", "JiraToBitBucket\JiraToBitBucket.csproj", "{4B248933-82DA-4C66-9C52-193FCB9F3052}"
EndProject
Project("{FAE04EC0-301F-11D3-BF4B-00C04F79EFBC}") = "JiraToBitbucket.Tests", "JiraToBitbucketTests\JiraToBitbucket.Tests.csproj", "{09D60B51-86D7-4A81-85C9-A1D01B282380}"
EndProject
Global
	GlobalSection(SolutionConfigurationPlatforms) = preSolution
		Debug|Any CPU = Debug|Any CPU
		Release|Any CPU = Release|Any CPU
	EndGlobalSection
	GlobalSection(ProjectConfigurationPlatforms) = postSolution
		{4B248933-82DA-4C66-9C52-193FCB9F3052}.Debug|Any CPU.ActiveCfg = Debug|Any CPU
		{4B248933-82DA-4C66-9C52-193FCB9F3052}.Debug|Any CPU.Build.0 = Debug|Any CPU
		{4B248933-82DA-4C66-9C52-193FCB9F3052}.Release|Any CPU.ActiveCfg = Release|Any CPU
		{4B248933-82DA-4C66-9C52-193FCB9F3052}.Release|Any CPU.Build.0 = Release|Any CPU
		{09D60B51-86D7-4A81-85C9-A1D01B282380}.Debug|Any CPU.ActiveCfg = Debug|Any CPU
		{09D60B51-86D7-4A81-85C9-A1D01B282380}.Debug|Any CPU.Build.0 = Debug|Any CPU
		{09D60B51-86D7-4A81-85C9-A1D01B282380}.Release|Any CPU.ActiveCfg = Release|Any CPU
		{09D60B51-86D7-4A81-85C9-A1D01B282380}.Release|Any CPU.Build.0 = Release|Any CPU
	EndGlobalSection
	GlobalSection(SolutionProperties) = preSolution
		HideSolutionNode = FALSE
	EndGlobalSection
EndGlobal
